
Microsoft Visual Studio Solution File, Format Version 12.00
# Visual Studio Version 18
VisualStudioVersion = 18.1.11312.151
MinimumVisualStudioVersion = 10.0.40219.1
Project("{2150E333-8FDC-42A3-9474-1A3956D46DE8}") = "0. Solution Items", "0. Solution Items", "{1CC41C35-545B-4366-A4CD-7DE383ABEF64}"
	ProjectSection(SolutionItems) = preProject
		.editorconfig = .editorconfig
		.gitattributes = .gitattributes
		.gitignore = .gitignore
		Directory.Build.props = Directory.Build.props
		Directory.Packages.props = Directory.Packages.props
		global.json = global.json
		LICENSE.md = LICENSE.md
		README.md = README.md
	EndProjectSection
EndProject
Project("{2150E333-8FDC-42A3-9474-1A3956D46DE8}") = ".github", ".github", "{320D889E-E58C-4255-9B5B-9BA444D20757}"
	ProjectSection(SolutionItems) = preProject
		.github\CODE_OF_CONDUCT.md = .github\CODE_OF_CONDUCT.md
		.github\CONTRIBUTING.md = .github\CONTRIBUTING.md
		.github\dependabot.yml = .github\dependabot.yml
		.github\FUNDING.yml = .github\FUNDING.yml
		.github\actions\README.md = .github\actions\README.md
	EndProjectSection
EndProject
Project("{2150E333-8FDC-42A3-9474-1A3956D46DE8}") = "workflows", "workflows", "{59A38EAD-8E2D-41F8-9E65-C73C6A16F2AB}"
	ProjectSection(SolutionItems) = preProject
		.github\workflows\MergeToMain.yml = .github\workflows\MergeToMain.yml
		.github\workflows\PullRequest.yml = .github\workflows\PullRequest.yml
		.github\workflows\Release.yml = .github\workflows\Release.yml
	EndProjectSection
EndProject
Project("{FAE04EC0-301F-11D3-BF4B-00C04F79EFBC}") = "SimpleTestcontainers.xUnit.v3.Databases", "src\SimpleTestcontainers.xUnit.v3.Databases\SimpleTestcontainers.xUnit.v3.Databases.csproj", "{4F41B55A-5783-4477-BDFA-5862B250EB44}"
EndProject
Project("{2150E333-8FDC-42A3-9474-1A3956D46DE8}") = "MsSql", "MsSql", "{4F7395C0-5F7A-4661-B689-62D3DCC9D8E8}"
EndProject
Project("{2150E333-8FDC-42A3-9474-1A3956D46DE8}") = "1. Abstraction", "1. Abstraction", "{BA309CF1-16AC-4382-86A4-89F8B94002FC}"
EndProject
Project("{FAE04EC0-301F-11D3-BF4B-00C04F79EFBC}") = "SimpleTestcontainers.xUnit.v3.MsSql", "src\SimpleTestcontainers.xUnit.v3.MsSql\SimpleTestcontainers.xUnit.v3.MsSql.csproj", "{E0153604-8146-4F23-BA07-B5B19701EF0A}"
EndProject
Project("{FAE04EC0-301F-11D3-BF4B-00C04F79EFBC}") = "SimpleTestcontainers.xUnit.v3.MsSql.Tests", "src\SimpleTestcontainers.xUnit.v3.MsSql.Tests\SimpleTestcontainers.xUnit.v3.MsSql.Tests.csproj", "{224D7141-F6D8-4344-9D27-414D19FD6751}"
EndProject
Project("{2150E333-8FDC-42A3-9474-1A3956D46DE8}") = "PostgreSQL", "PostgreSQL", "{23250790-EC97-4053-B0E7-785B943F4F0B}"
EndProject
Project("{FAE04EC0-301F-11D3-BF4B-00C04F79EFBC}") = "SimpleTestcontainers.xUnit.v3.PostgreSQL", "src\SimpleTestcontainers.xUnit.v3.PostgreSQL\SimpleTestcontainers.xUnit.v3.PostgreSQL.csproj", "{8C94620A-4B91-479F-84CA-64B881DC5848}"
EndProject
Project("{FAE04EC0-301F-11D3-BF4B-00C04F79EFBC}") = "SimpleTestcontainers.xUnit.v3.PostgreSQL.Tests", "src\SimpleTestcontainers.xUnit.v3.PostgreSQL.Tests\SimpleTestcontainers.xUnit.v3.PostgreSQL.Tests.csproj", "{CD5A3D5B-FBDE-46F3-9D3C-E0B0923AD238}"
EndProject
Project("{2150E333-8FDC-42A3-9474-1A3956D46DE8}") = "AzureStorage", "AzureStorage", "{02EA681E-C7D8-13C7-8484-4AC65E1B71E8}"
EndProject
Project("{2150E333-8FDC-42A3-9474-1A3956D46DE8}") = "actions", "actions", "{CD74457E-0028-40D8-88AB-A5220D3C835C}"
	ProjectSection(SolutionItems) = preProject
		.github\actions\README.md = .github\actions\README.md
	EndProjectSection
EndProject
Project("{2150E333-8FDC-42A3-9474-1A3956D46DE8}") = "pull-and-cache-docker-images", "pull-and-cache-docker-images", "{ED8FC62E-94F4-48AD-8F22-0980B68DCB38}"
	ProjectSection(SolutionItems) = preProject
		.github\actions\pull-and-cache-docker-images\action.yml = .github\actions\pull-and-cache-docker-images\action.yml
	EndProjectSection
EndProject
Project("{2150E333-8FDC-42A3-9474-1A3956D46DE8}") = "load-cached-docker-image", "load-cached-docker-image", "{5DBD55BD-E7F8-4F1B-AA33-5BC5FABB962B}"
	ProjectSection(SolutionItems) = preProject
		.github\actions\load-cached-docker-image\action.yml = .github\actions\load-cached-docker-image\action.yml
	EndProjectSection
EndProject
Project("{2150E333-8FDC-42A3-9474-1A3956D46DE8}") = "scripts", "scripts", "{068E32B2-1BF0-4C03-9C3F-A856AE3A8722}"
	ProjectSection(SolutionItems) = preProject
		.github\scripts\GetTestContainerDockerImageTags.cs = .github\scripts\GetTestContainerDockerImageTags.cs
	EndProjectSection
EndProject
Project("{2150E333-8FDC-42A3-9474-1A3956D46DE8}") = "2. Test Containers", "2. Test Containers", "{8FF45D7A-EBF0-40BA-8FA4-460264BE5573}"
EndProject
Project("{2150E333-8FDC-42A3-9474-1A3956D46DE8}") = "3. Docker Monitor", "3. Docker Monitor", "{B18489D8-24ED-489E-BEF3-CCAE32796DCD}"
EndProject
Project("{FAE04EC0-301F-11D3-BF4B-00C04F79EFBC}") = "SimpleTestcontainers.xUnit.v3.DockerMonitor", "src\SimpleTestcontainers.xUnit.v3.DockerMonitor\SimpleTestcontainers.xUnit.v3.DockerMonitor.csproj", "{CE675425-CC44-5738-0A5E-5C465CA055F6}"
EndProject
Global
	GlobalSection(SolutionConfigurationPlatforms) = preSolution
		Debug|Any CPU = Debug|Any CPU
		Release|Any CPU = Release|Any CPU
	EndGlobalSection
	GlobalSection(ProjectConfigurationPlatforms) = postSolution
		{4F41B55A-5783-4477-BDFA-5862B250EB44}.Debug|Any CPU.ActiveCfg = Debug|Any CPU
		{4F41B55A-5783-4477-BDFA-5862B250EB44}.Debug|Any CPU.Build.0 = Debug|Any CPU
		{4F41B55A-5783-4477-BDFA-5862B250EB44}.Release|Any CPU.ActiveCfg = Release|Any CPU
		{4F41B55A-5783-4477-BDFA-5862B250EB44}.Release|Any CPU.Build.0 = Release|Any CPU
		{E0153604-8146-4F23-BA07-B5B19701EF0A}.Debug|Any CPU.ActiveCfg = Debug|Any CPU
		{E0153604-8146-4F23-BA07-B5B19701EF0A}.Debug|Any CPU.Build.0 = Debug|Any CPU
		{E0153604-8146-4F23-BA07-B5B19701EF0A}.Release|Any CPU.ActiveCfg = Release|Any CPU
		{E0153604-8146-4F23-BA07-B5B19701EF0A}.Release|Any CPU.Build.0 = Release|Any CPU
		{224D7141-F6D8-4344-9D27-414D19FD6751}.Debug|Any CPU.ActiveCfg = Debug|Any CPU
		{224D7141-F6D8-4344-9D27-414D19FD6751}.Debug|Any CPU.Build.0 = Debug|Any CPU
		{224D7141-F6D8-4344-9D27-414D19FD6751}.Release|Any CPU.ActiveCfg = Release|Any CPU
		{224D7141-F6D8-4344-9D27-414D19FD6751}.Release|Any CPU.Build.0 = Release|Any CPU
		{8C94620A-4B91-479F-84CA-64B881DC5848}.Debug|Any CPU.ActiveCfg = Debug|Any CPU
		{8C94620A-4B91-479F-84CA-64B881DC5848}.Debug|Any CPU.Build.0 = Debug|Any CPU
		{8C94620A-4B91-479F-84CA-64B881DC5848}.Release|Any CPU.ActiveCfg = Release|Any CPU
		{8C94620A-4B91-479F-84CA-64B881DC5848}.Release|Any CPU.Build.0 = Release|Any CPU
		{CD5A3D5B-FBDE-46F3-9D3C-E0B0923AD238}.Debug|Any CPU.ActiveCfg = Debug|Any CPU
		{CD5A3D5B-FBDE-46F3-9D3C-E0B0923AD238}.Debug|Any CPU.Build.0 = Debug|Any CPU
		{CD5A3D5B-FBDE-46F3-9D3C-E0B0923AD238}.Release|Any CPU.ActiveCfg = Release|Any CPU
		{CD5A3D5B-FBDE-46F3-9D3C-E0B0923AD238}.Release|Any CPU.Build.0 = Release|Any CPU
		{CE675425-CC44-5738-0A5E-5C465CA055F6}.Debug|Any CPU.ActiveCfg = Debug|Any CPU
		{CE675425-CC44-5738-0A5E-5C465CA055F6}.Debug|Any CPU.Build.0 = Debug|Any CPU
		{CE675425-CC44-5738-0A5E-5C465CA055F6}.Release|Any CPU.ActiveCfg = Release|Any CPU
		{CE675425-CC44-5738-0A5E-5C465CA055F6}.Release|Any CPU.Build.0 = Release|Any CPU
	EndGlobalSection
	GlobalSection(SolutionProperties) = preSolution
		HideSolutionNode = FALSE
	EndGlobalSection
	GlobalSection(NestedProjects) = preSolution
		{320D889E-E58C-4255-9B5B-9BA444D20757} = {1CC41C35-545B-4366-A4CD-7DE383ABEF64}
		{59A38EAD-8E2D-41F8-9E65-C73C6A16F2AB} = {320D889E-E58C-4255-9B5B-9BA444D20757}
		{4F41B55A-5783-4477-BDFA-5862B250EB44} = {BA309CF1-16AC-4382-86A4-89F8B94002FC}
		{4F7395C0-5F7A-4661-B689-62D3DCC9D8E8} = {8FF45D7A-EBF0-40BA-8FA4-460264BE5573}
		{E0153604-8146-4F23-BA07-B5B19701EF0A} = {4F7395C0-5F7A-4661-B689-62D3DCC9D8E8}
		{224D7141-F6D8-4344-9D27-414D19FD6751} = {4F7395C0-5F7A-4661-B689-62D3DCC9D8E8}
		{23250790-EC97-4053-B0E7-785B943F4F0B} = {8FF45D7A-EBF0-40BA-8FA4-460264BE5573}
		{8C94620A-4B91-479F-84CA-64B881DC5848} = {23250790-EC97-4053-B0E7-785B943F4F0B}
		{CD5A3D5B-FBDE-46F3-9D3C-E0B0923AD238} = {23250790-EC97-4053-B0E7-785B943F4F0B}
		{02EA681E-C7D8-13C7-8484-4AC65E1B71E8} = {8FF45D7A-EBF0-40BA-8FA4-460264BE5573}
		{CD74457E-0028-40D8-88AB-A5220D3C835C} = {320D889E-E58C-4255-9B5B-9BA444D20757}
		{ED8FC62E-94F4-48AD-8F22-0980B68DCB38} = {CD74457E-0028-40D8-88AB-A5220D3C835C}
		{5DBD55BD-E7F8-4F1B-AA33-5BC5FABB962B} = {CD74457E-0028-40D8-88AB-A5220D3C835C}
		{068E32B2-1BF0-4C03-9C3F-A856AE3A8722} = {320D889E-E58C-4255-9B5B-9BA444D20757}
		{CE675425-CC44-5738-0A5E-5C465CA055F6} = {B18489D8-24ED-489E-BEF3-CCAE32796DCD}
	EndGlobalSection
	GlobalSection(ExtensibilityGlobals) = postSolution
		SolutionGuid = {D9314E8A-BF0A-49C2-90BE-50ED4A58F9B9}
	EndGlobalSection
EndGlobal
