{
  "version": 2,
  "dependencies": {
    "net9.0": {
      "coverlet.collector": {
        "type": "Direct",
        "requested": "[6.0.3, )",
        "resolved": "6.0.3",
        "contentHash": "SvLbRq7gjzE34BI90vP6ge812+PAjinNoKhdFZHwVEu/ozJgZY+0KyDh1K0teDeMeuzQJuF8OvleRBYXsZDz0A=="
      },
      "Dapper": {
        "type": "Direct",
        "requested": "[2.1.35, )",
        "resolved": "2.1.35",
        "contentHash": "YKRwjVfrG7GYOovlGyQoMvr1/IJdn+7QzNXJxyMh0YfFF5yvDmTYaJOVYWsckreNjGsGSEtrMTpnzxTUq/tZQw=="
      },
      "xunit.v3": {
        "type": "Direct",
        "requested": "[1.0.0, )",
        "resolved": "1.0.0",
        "contentHash": "jomUqCyfbILuGa4zWFAU1knj1n5/1H44ACDo7iu6DZlmmSbYlyYgB6Vzy8gxab6eh78otXDF/ntjktDCRkTMIg==",
        "dependencies": {
          "xunit.analyzers": "1.18.0",
          "xunit.v3.assert": "[1.0.0]",
          "xunit.v3.core": "[1.0.0]"
        }
      },
      "Docker.DotNet.Enhanced": {
        "type": "Transitive",
        "resolved": "3.126.1",
        "contentHash": "UPyLBLBaVE3s7OCWM0h5g9w6mUOag5sOIP5CldFQekIWo/gHixgZR+o5fG7eCFH4ZdKlvBGM4ALFuOyPoKoJ3A=="
      },
      "Docker.DotNet.Enhanced.X509": {
        "type": "Transitive",
        "resolved": "3.126.1",
        "contentHash": "XFHMC/iWHbloQgg9apZrxu010DmSamaAggu8nomCqTeotGyUGkv2Tt/aqk1ljC/4tjtTrb9LtFQwYpwZbMbiKg==",
        "dependencies": {
          "Docker.DotNet.Enhanced": "3.126.1"
        }
      },
      "Microsoft.Bcl.AsyncInterfaces": {
        "type": "Transitive",
        "resolved": "6.0.0",
        "contentHash": "UcSjPsst+DfAdJGVDsu346FX0ci0ah+lw3WRtn18NUwEqRt70HaOQ7lI72vy3+1LxtqI3T5GWwV39rQSrCzAeg=="
      },
      "Microsoft.Extensions.DependencyInjection.Abstractions": {
        "type": "Transitive",
        "resolved": "8.0.2",
        "contentHash": "3iE7UF7MQkCv1cxzCahz+Y/guQbTqieyxyaWKhrRO91itI9cOKO76OHeQDahqG4MmW5umr3CcCvGmK92lWNlbg=="
      },
      "Microsoft.Extensions.Logging.Abstractions": {
        "type": "Transitive",
        "resolved": "8.0.2",
        "contentHash": "nroMDjS7hNBPtkZqVBbSiQaQjWRDxITI8Y7XnDs97rqG3EbzVTNLZQf7bIeUJcaHOV8bca47s1Uxq94+2oGdxA==",
        "dependencies": {
          "Microsoft.Extensions.DependencyInjection.Abstractions": "8.0.2"
        }
      },
      "Microsoft.Testing.Extensions.TrxReport.Abstractions": {
        "type": "Transitive",
        "resolved": "1.4.3",
        "contentHash": "16sWznD6ZMok/zgW+vrO6zerCFMD9N+ey9bi1iV/e9xxsQb4V4y/aW6cY/Y7E9jA7pc+aZ6ffZby43yxQOoYZA==",
        "dependencies": {
          "Microsoft.Testing.Platform": "1.4.3"
        }
      },
      "Microsoft.Testing.Platform": {
        "type": "Transitive",
        "resolved": "1.4.3",
        "contentHash": "NedIbwl1T7+ZMeg7gwk0Db8/RFLf0siyVpeTcRMMOle6Xl/ujaYOM4Aduo8rEfVqNj3kcQ7blegpyT3dHi+0PA=="
      },
      "Microsoft.Testing.Platform.MSBuild": {
        "type": "Transitive",
        "resolved": "1.4.3",
        "contentHash": "1gGqgHtiZ6tZn/6Tby+qlKpNe5Ye/5LnxlSsyl4XMZ4m4V+Cu1K1m+gD1zxoxHIvLjgX8mCnQRK95MGBBFuumw==",
        "dependencies": {
          "Microsoft.Testing.Platform": "1.4.3"
        }
      },
      "SharpZipLib": {
        "type": "Transitive",
        "resolved": "1.4.2",
        "contentHash": "yjj+3zgz8zgXpiiC3ZdF/iyTBbz2fFvMxZFEBPUcwZjIvXOf37Ylm+K58hqMfIBt5JgU/Z2uoUS67JmTLe973A=="
      },
      "SSH.NET": {
        "type": "Transitive",
        "resolved": "2024.1.0",
        "contentHash": "pyOea9czgC+OwMoetuWtMuwRebOyskKkqTZtODgyEZ5K6JwV+Hh/GFiyYubl93YnEvmvNZeuyWyUDsb3LvBDYA=="
      },
      "xunit.analyzers": {
        "type": "Transitive",
        "resolved": "1.18.0",
        "contentHash": "OtFMHN8yqIcYP9wcVIgJrq01AfTxijjAqVDy/WeQVSyrDC1RzBWeQPztL49DN2syXRah8TYnfvk035s7L95EZQ=="
      },
      "xunit.v3.assert": {
        "type": "Transitive",
        "resolved": "1.0.0",
        "contentHash": "XGJP9QfdvT0cF14yPBe8uWQIEJaoaLXKhxWCE3W2mjugUYjiWVCoE1HtPDpoUiKRLcECvTJpmUHngebWTQUMog=="
      },
      "xunit.v3.common": {
        "type": "Transitive",
        "resolved": "1.0.0",
        "contentHash": "3w/BtAJe83G73KXpxrejrQw+eO51gmFrHUov5rq2jfb9nFUYWrSvdK55aIPh1SMXZMNka3qnCvkmhFVZ8o7PtA==",
        "dependencies": {
          "Microsoft.Bcl.AsyncInterfaces": "6.0.0"
        }
      },
      "xunit.v3.core": {
        "type": "Transitive",
        "resolved": "1.0.0",
        "contentHash": "1OIr5m7smSIHaNPUe8IJ3+UvsQb9KiIQMwUm2uDcLB3w8Z2e1sg0ND4TcVzNltCuWVEnXU73XpNHwrCNLbaQYA==",
        "dependencies": {
          "Microsoft.Testing.Platform.MSBuild": "1.4.3",
          "xunit.v3.extensibility.core": "[1.0.0]",
          "xunit.v3.runner.inproc.console": "[1.0.0]"
        }
      },
      "xunit.v3.extensibility.core": {
        "type": "Transitive",
        "resolved": "1.0.0",
        "contentHash": "TsRSMWPnrZ0uAPBKWCusQi5l406IlwtzIDguID70XrytDmD2H/9yUqoFruMpYfrLPep/vFnv+26L6/6J57TyVQ==",
        "dependencies": {
          "xunit.v3.common": "[1.0.0]"
        }
      },
      "xunit.v3.runner.common": {
        "type": "Transitive",
        "resolved": "1.0.0",
        "contentHash": "971vQ/IVmxWxKu6Rd9GlCBuoSTn2JH5S6GFUhlaCnMDpx36VjhrwVt2qS2RcMO6Hu4TlNyBEsZqgZ8g6HyMXSQ==",
        "dependencies": {
          "xunit.v3.common": "[1.0.0]"
        }
      },
      "xunit.v3.runner.inproc.console": {
        "type": "Transitive",
        "resolved": "1.0.0",
        "contentHash": "UwtiQZUVpxhulszBKH5Qvuu6Oxs8UXteZEOaOosP9lCXjvBvprxyeHFQCVfMuxKPbITx3MA7h9W7D5vgrR9lzQ==",
        "dependencies": {
          "Microsoft.Testing.Extensions.TrxReport.Abstractions": "1.4.3",
          "Microsoft.Testing.Platform": "1.4.3",
          "xunit.v3.extensibility.core": "[1.0.0]",
          "xunit.v3.runner.common": "[1.0.0]"
        }
      },
      "WorldDomination.SimpleTestcontainers.xUnit.v3.Databases": {
        "type": "Project",
        "dependencies": {
          "Testcontainers": "[4.1.0, )",
          "xunit.v3": "[1.0.0, )"
        }
      },
      "WorldDomination.SimpleTestcontainers.xUnit.v3.PostgreSQL": {
        "type": "Project",
        "dependencies": {
          "Npgsql": "[9.0.2, )",
          "Testcontainers.PostgreSql": "[4.1.0, )",
          "WorldDomination.SimpleTestcontainers.xUnit.v3.Databases": "[1.0.0, )"
        }
      },
      "Npgsql": {
        "type": "CentralTransitive",
        "requested": "[9.0.2, )",
        "resolved": "9.0.2",
        "contentHash": "hCbO8box7i/XXiTFqCJ3GoowyLqx3JXxyrbOJ6om7dr+eAknvBNhhUHeJVGAQo44sySZTfdVffp4BrtPeLZOAA==",
        "dependencies": {
          "Microsoft.Extensions.Logging.Abstractions": "8.0.2"
        }
      },
      "Testcontainers": {
        "type": "CentralTransitive",
        "requested": "[4.1.0, )",
        "resolved": "4.1.0",
        "contentHash": "5oudr81h9084amKZrjVIWdVWycR2YhqT9ePnN/ID7xinwx3ZLAI4EhYiyurfrDMvWcHJp5+c9x+qPRxOcq1IXQ==",
        "dependencies": {
          "Docker.DotNet.Enhanced": "3.126.1",
          "Docker.DotNet.Enhanced.X509": "3.126.1",
          "Microsoft.Extensions.Logging.Abstractions": "8.0.2",
          "SSH.NET": "2024.1.0",
          "SharpZipLib": "1.4.2"
        }
      },
      "Testcontainers.PostgreSql": {
        "type": "CentralTransitive",
        "requested": "[4.1.0, )",
        "resolved": "4.1.0",
        "contentHash": "7e9JH4m76/t4/MjmXgwt3fmfID80nY7MTo4UXHMisix3F3OoDmRC71absOshwxQQ/mCZNxR37HehgC51rt/YaA==",
        "dependencies": {
          "Testcontainers": "4.1.0"
        }
      }
    }
  }
}